
Microsoft Visual Studio Solution File, Format Version 12.00
# Visual Studio Version 16
VisualStudioVersion = 16.0.28803.202
MinimumVisualStudioVersion = 10.0.40219.1
Project("{FAE04EC0-301F-11D3-BF4B-00C04F79EFBC}") = "ImageUploader.Android", "ImageUploader\ImageUploader.Android\ImageUploader.Android.csproj", "{B72E3827-5F12-485E-A626-E57266909733}"
EndProject
Project("{FAE04EC0-301F-11D3-BF4B-00C04F79EFBC}") = "ImageUploader.iOS", "ImageUploader\ImageUploader.iOS\ImageUploader.iOS.csproj", "{5227B01B-DA3C-4971-A1BB-CCE0CAA7F903}"
EndProject
Project("{FAE04EC0-301F-11D3-BF4B-00C04F79EFBC}") = "ImageUploader", "ImageUploader\ImageUploader\ImageUploader.csproj", "{F8747037-1899-4440-BFEA-B31EC73CE4B4}"
EndProject
Global
	GlobalSection(SolutionConfigurationPlatforms) = preSolution
		Debug|Any CPU = Debug|Any CPU
		Debug|iPhone = Debug|iPhone
		Debug|iPhoneSimulator = Debug|iPhoneSimulator
		Release|Any CPU = Release|Any CPU
		Release|iPhone = Release|iPhone
		Release|iPhoneSimulator = Release|iPhoneSimulator
	EndGlobalSection
	GlobalSection(ProjectConfigurationPlatforms) = postSolution
		{B72E3827-5F12-485E-A626-E57266909733}.Debug|Any CPU.ActiveCfg = Debug|Any CPU
		{B72E3827-5F12-485E-A626-E57266909733}.Debug|Any CPU.Build.0 = Debug|Any CPU
		{B72E3827-5F12-485E-A626-E57266909733}.Debug|Any CPU.Deploy.0 = Debug|Any CPU
		{B72E3827-5F12-485E-A626-E57266909733}.Debug|iPhone.ActiveCfg = Debug|Any CPU
		{B72E3827-5F12-485E-A626-E57266909733}.Debug|iPhone.Build.0 = Debug|Any CPU
		{B72E3827-5F12-485E-A626-E57266909733}.Debug|iPhone.Deploy.0 = Debug|Any CPU
		{B72E3827-5F12-485E-A626-E57266909733}.Debug|iPhoneSimulator.ActiveCfg = Debug|Any CPU
		{B72E3827-5F12-485E-A626-E57266909733}.Debug|iPhoneSimulator.Build.0 = Debug|Any CPU
		{B72E3827-5F12-485E-A626-E57266909733}.Debug|iPhoneSimulator.Deploy.0 = Debug|Any CPU
		{B72E3827-5F12-485E-A626-E57266909733}.Release|Any CPU.ActiveCfg = Release|Any CPU
		{B72E3827-5F12-485E-A626-E57266909733}.Release|Any CPU.Build.0 = Release|Any CPU
		{B72E3827-5F12-485E-A626-E57266909733}.Release|Any CPU.Deploy.0 = Release|Any CPU
		{B72E3827-5F12-485E-A626-E57266909733}.Release|iPhone.ActiveCfg = Release|Any CPU
		{B72E3827-5F12-485E-A626-E57266909733}.Release|iPhone.Build.0 = Release|Any CPU
		{B72E3827-5F12-485E-A626-E57266909733}.Release|iPhone.Deploy.0 = Release|Any CPU
		{B72E3827-5F12-485E-A626-E57266909733}.Release|iPhoneSimulator.ActiveCfg = Release|Any CPU
		{B72E3827-5F12-485E-A626-E57266909733}.Release|iPhoneSimulator.Build.0 = Release|Any CPU
		{B72E3827-5F12-485E-A626-E57266909733}.Release|iPhoneSimulator.Deploy.0 = Release|Any CPU
		{5227B01B-DA3C-4971-A1BB-CCE0CAA7F903}.Debug|Any CPU.ActiveCfg = Debug|iPhoneSimulator
		{5227B01B-DA3C-4971-A1BB-CCE0CAA7F903}.Debug|Any CPU.Build.0 = Debug|iPhoneSimulator
		{5227B01B-DA3C-4971-A1BB-CCE0CAA7F903}.Debug|Any CPU.Deploy.0 = Debug|iPhoneSimulator
		{5227B01B-DA3C-4971-A1BB-CCE0CAA7F903}.Debug|iPhone.ActiveCfg = Debug|iPhone
		{5227B01B-DA3C-4971-A1BB-CCE0CAA7F903}.Debug|iPhone.Build.0 = Debug|iPhone
		{5227B01B-DA3C-4971-A1BB-CCE0CAA7F903}.Debug|iPhone.Deploy.0 = Debug|iPhone
		{5227B01B-DA3C-4971-A1BB-CCE0CAA7F903}.Debug|iPhoneSimulator.ActiveCfg = Debug|iPhoneSimulator
		{5227B01B-DA3C-4971-A1BB-CCE0CAA7F903}.Debug|iPhoneSimulator.Build.0 = Debug|iPhoneSimulator
		{5227B01B-DA3C-4971-A1BB-CCE0CAA7F903}.Debug|iPhoneSimulator.Deploy.0 = Debug|iPhoneSimulator
		{5227B01B-DA3C-4971-A1BB-CCE0CAA7F903}.Release|Any CPU.ActiveCfg = Release|iPhone
		{5227B01B-DA3C-4971-A1BB-CCE0CAA7F903}.Release|Any CPU.Build.0 = Release|iPhone
		{5227B01B-DA3C-4971-A1BB-CCE0CAA7F903}.Release|Any CPU.Deploy.0 = Release|iPhone
		{5227B01B-DA3C-4971-A1BB-CCE0CAA7F903}.Release|iPhone.ActiveCfg = Release|iPhone
		{5227B01B-DA3C-4971-A1BB-CCE0CAA7F903}.Release|iPhone.Build.0 = Release|iPhone
		{5227B01B-DA3C-4971-A1BB-CCE0CAA7F903}.Release|iPhone.Deploy.0 = Release|iPhone
		{5227B01B-DA3C-4971-A1BB-CCE0CAA7F903}.Release|iPhoneSimulator.ActiveCfg = Release|iPhoneSimulator
		{5227B01B-DA3C-4971-A1BB-CCE0CAA7F903}.Release|iPhoneSimulator.Build.0 = Release|iPhoneSimulator
		{5227B01B-DA3C-4971-A1BB-CCE0CAA7F903}.Release|iPhoneSimulator.Deploy.0 = Release|iPhoneSimulator
		{F8747037-1899-4440-BFEA-B31EC73CE4B4}.Debug|Any CPU.ActiveCfg = Debug|Any CPU
		{F8747037-1899-4440-BFEA-B31EC73CE4B4}.Debug|Any CPU.Build.0 = Debug|Any CPU
		{F8747037-1899-4440-BFEA-B31EC73CE4B4}.Debug|Any CPU.Deploy.0 = Debug|Any CPU
		{F8747037-1899-4440-BFEA-B31EC73CE4B4}.Debug|iPhone.ActiveCfg = Debug|Any CPU
		{F8747037-1899-4440-BFEA-B31EC73CE4B4}.Debug|iPhone.Build.0 = Debug|Any CPU
		{F8747037-1899-4440-BFEA-B31EC73CE4B4}.Debug|iPhone.Deploy.0 = Debug|Any CPU
		{F8747037-1899-4440-BFEA-B31EC73CE4B4}.Debug|iPhoneSimulator.ActiveCfg = Debug|Any CPU
		{F8747037-1899-4440-BFEA-B31EC73CE4B4}.Debug|iPhoneSimulator.Build.0 = Debug|Any CPU
		{F8747037-1899-4440-BFEA-B31EC73CE4B4}.Debug|iPhoneSimulator.Deploy.0 = Debug|Any CPU
		{F8747037-1899-4440-BFEA-B31EC73CE4B4}.Release|Any CPU.ActiveCfg = Release|Any CPU
		{F8747037-1899-4440-BFEA-B31EC73CE4B4}.Release|Any CPU.Build.0 = Release|Any CPU
		{F8747037-1899-4440-BFEA-B31EC73CE4B4}.Release|Any CPU.Deploy.0 = Release|Any CPU
		{F8747037-1899-4440-BFEA-B31EC73CE4B4}.Release|iPhone.ActiveCfg = Release|Any CPU
		{F8747037-1899-4440-BFEA-B31EC73CE4B4}.Release|iPhone.Build.0 = Release|Any CPU
		{F8747037-1899-4440-BFEA-B31EC73CE4B4}.Release|iPhone.Deploy.0 = Release|Any CPU
		{F8747037-1899-4440-BFEA-B31EC73CE4B4}.Release|iPhoneSimulator.ActiveCfg = Release|Any CPU
		{F8747037-1899-4440-BFEA-B31EC73CE4B4}.Release|iPhoneSimulator.Build.0 = Release|Any CPU
		{F8747037-1899-4440-BFEA-B31EC73CE4B4}.Release|iPhoneSimulator.Deploy.0 = Release|Any CPU
	EndGlobalSection
	GlobalSection(SolutionProperties) = preSolution
		HideSolutionNode = FALSE
	EndGlobalSection
	GlobalSection(ExtensibilityGlobals) = postSolution
		SolutionGuid = {65F21E7C-D18B-4A0D-8DBB-5958B0BE398D}
	EndGlobalSection
EndGlobal
